// !$*UTF8*$!
{
	archiveVersion = 1;
	classes = {
	};
	objectVersion = 52;
	objects = {

/* Begin PBXBuildFile section */
		0207DA581B56EA530066E2B4 /* Assets.xcassets in Resources */ = {isa = PBXBuildFile; fileRef = 0207DA571B56EA530066E2B4 /* Assets.xcassets */; };
		024F8E563779487AAC1B1F15 /* AMBGenerated.swift in Sources */ = {isa = PBXBuildFile; fileRef = C89FCE2D1F35468F9A20E622 /* AMBGenerated.swift */; };
		0CB83C2B04ED4B06A7859944 /* AMBAppOpenAd.swift in Sources */ = {isa = PBXBuildFile; fileRef = F5BFB8297C014ED5B785B933 /* AMBAppOpenAd.swift */; };
		1D3623260D0F684500981E51 /* AppDelegate.m in Sources */ = {isa = PBXBuildFile; fileRef = 1D3623250D0F684500981E51 /* AppDelegate.m */; };
		1D60589B0D05DD56006BFB54 /* main.m in Sources */ = {isa = PBXBuildFile; fileRef = 29B97316FDCFA39411CA2CEA /* main.m */; };
		301BF552109A68D80062928A /* libCordova.a in Frameworks */ = {isa = PBXBuildFile; fileRef = 301BF535109A57CC0062928A /* libCordova.a */; settings = {ATTRIBUTES = (Required, ); }; };
		302D95F114D2391D003F00A1 /* MainViewController.m in Sources */ = {isa = PBXBuildFile; fileRef = 302D95EF14D2391D003F00A1 /* MainViewController.m */; };
		302D95F214D2391D003F00A1 /* MainViewController.xib in Resources */ = {isa = PBXBuildFile; fileRef = 302D95F014D2391D003F00A1 /* MainViewController.xib */; };
		3BC949676A2C4207B29858D8 /* AMBContext.swift in Sources */ = {isa = PBXBuildFile; fileRef = 45D3C0345B92489ABBF0CB89 /* AMBContext.swift */; };
		47142DAD92D64B50A32FDFCA /* AMBPlugin.swift in Sources */ = {isa = PBXBuildFile; fileRef = 060D9277FD4C4DED95005C6E /* AMBPlugin.swift */; };
		4E7CA2B6272ABB0D00177EF9 /* config.xml in Copy Staging Resources */ = {isa = PBXBuildFile; fileRef = F840E1F0165FE0F500CFE078 /* config.xml */; };
		4E7CA2B7272ABB0D00177EF9 /* www in Copy Staging Resources */ = {isa = PBXBuildFile; fileRef = 301BF56E109A69640062928A /* www */; };
		644E79C183274EFD9241B7C8 /* AMBRewardedInterstitial.swift in Sources */ = {isa = PBXBuildFile; fileRef = 60ED08A1EFF745C1B935F702 /* AMBRewardedInterstitial.swift */; };
		6AFF5BF91D6E424B00AB3073 /* CDVLaunchScreen.storyboard in Resources */ = {isa = PBXBuildFile; fileRef = 6AFF5BF81D6E424B00AB3073 /* CDVLaunchScreen.storyboard */; };
		78B9F3BD6DA642A39AB85432 /* AMBAdBase.swift in Sources */ = {isa = PBXBuildFile; fileRef = 1CAF873B054F4221B5DEA363 /* AMBAdBase.swift */; };
		90A2DFA72CA4471FA906E3D8 /* AppTrackingTransparency.framework in Frameworks */ = {isa = PBXBuildFile; fileRef = 4CBBD4659BB04526977E77C5 /* AppTrackingTransparency.framework */; settings = {ATTRIBUTES = (Weak, ); }; };
		90B630EF2AECBBD0009EF368 /* PrivacyInfo.xcprivacy in Resources */ = {isa = PBXBuildFile; fileRef = 90B630EE2AECBBD0009EF368 /* PrivacyInfo.xcprivacy */; };
		A5F64414689849D187574B88 /* AMBBanner.swift in Sources */ = {isa = PBXBuildFile; fileRef = 975EE5604C2047B58177E863 /* AMBBanner.swift */; };
		BE640327BE9248F985CC4EC3 /* AMBRewarded.swift in Sources */ = {isa = PBXBuildFile; fileRef = AAD6B3CA2E5C4E1C8ABACEE2 /* AMBRewarded.swift */; };
		BF9CBD22CCA7453D8B237724 /* AMBCore.swift in Sources */ = {isa = PBXBuildFile; fileRef = DD06C7A3031A4658830BA362 /* AMBCore.swift */; };
		CED1ADB56BFA47FDAB26781D /* AMBInterstitial.swift in Sources */ = {isa = PBXBuildFile; fileRef = 1FC23CCFE7E541989F138F1A /* AMBInterstitial.swift */; };
		E239D047E05A45C89AC9CCA5 /* AMBNativeAd.swift in Sources */ = {isa = PBXBuildFile; fileRef = A12BA625DC60481EB74372D7 /* AMBNativeAd.swift */; };
		E3CE25CC42411C3A9E02C93E /* Pods_The_Rapid_Bus_Tracker.framework in Frameworks */ = {isa = PBXBuildFile; fileRef = 38C8417264FF28CBD7822E64 /* Pods_The_Rapid_Bus_Tracker.framework */; };
		9C97E5955FB94856A490BFAD /* CDVNotification.m in Sources */ = {isa = PBXBuildFile; fileRef = 5AF8DC33955B43C7A816B47E /* CDVNotification.m */; };
		7E6422E2A5D048F390811C50 /* CDVNotification.bundle in Resources */ = {isa = PBXBuildFile; fileRef = 08EB6DA8E3604F21B4619052 /* CDVNotification.bundle */; };
		B993A18C4A004BC89A528996 /* AudioToolbox.framework in Frameworks */ = {isa = PBXBuildFile; fileRef = 4B9A6E4448AA481FBFE05D0D /* AudioToolbox.framework */; settings = {ATTRIBUTES = (Weak, ); }; };
		7697E050968F4355AD570C75 /* NativeStorage.m in Sources */ = {isa = PBXBuildFile; fileRef = 047F32A0E5C04B46BBD36E5F /* NativeStorage.m */; };
		EE3D66F80CAE4E098975F4B1 /* CDVAppRate.m in Sources */ = {isa = PBXBuildFile; fileRef = 8847BBAF2A8845C085FC5695 /* CDVAppRate.m */; };
		1C5C6AD8EB894BC488D59C59 /* StoreKit.framework in Frameworks */ = {isa = PBXBuildFile; fileRef = 92E5F66649744ABFA11DE06C /* StoreKit.framework */; };
		8A668665A2A14BA693976514 /* CDVDevice.m in Sources */ = {isa = PBXBuildFile; fileRef = 0324FE63E6194F50AADABF7F /* CDVDevice.m */; };
		6F2DBFA61A754DE28527FF10 /* CDVDevice.bundle in Resources */ = {isa = PBXBuildFile; fileRef = BA3825B792E64B9484B691FB /* CDVDevice.bundle */; };
		AB7A2888B8FB4D7D9511C1A4 /* CDVLocation.m in Sources */ = {isa = PBXBuildFile; fileRef = 71EC121C485945A88AE2BA51 /* CDVLocation.m */; };
		6472E0B89B60463B84E81982 /* CoreLocation.framework in Frameworks */ = {isa = PBXBuildFile; fileRef = A66CE6C86FAA405BB05B0F9F /* CoreLocation.framework */; };
		9E02BF73005644D9958D6F2A /* IdfaPlugin.m in Sources */ = {isa = PBXBuildFile; fileRef = AA905172A0DA45CA9AB5A5A2 /* IdfaPlugin.m */; };
		5F042290B7F84FC99F17DE95 /* AdSupport.framework in Frameworks */ = {isa = PBXBuildFile; fileRef = 805099E3A8534FE9BED0DB84 /* AdSupport.framework */; settings = {ATTRIBUTES = (Weak, ); }; };
		65D321709F4840AA8C10F19C /* CDVInAppBrowserOptions.m in Sources */ = {isa = PBXBuildFile; fileRef = 8E72F99B2F3144C0BE2D0AF0 /* CDVInAppBrowserOptions.m */; };
		DDBDAE6DFADB4F56A42E64B9 /* CDVInAppBrowserNavigationController.m in Sources */ = {isa = PBXBuildFile; fileRef = 55B0E2DA3BB2438E90F8E2EA /* CDVInAppBrowserNavigationController.m */; };
		77AFEFB7D5864FE1ABF8ABC9 /* CDVWKInAppBrowser.m in Sources */ = {isa = PBXBuildFile; fileRef = 25B70A24F4694E7D810CB99C /* CDVWKInAppBrowser.m */; };
		DA22D4F4D3544D6BAAD65BF7 /* CDVWKInAppBrowserUIDelegate.m in Sources */ = {isa = PBXBuildFile; fileRef = C0514D1A5D6B43838821A50A /* CDVWKInAppBrowserUIDelegate.m */; };
		6F1854CF915B400383B28B06 /* InAppPurchase.m in Sources */ = {isa = PBXBuildFile; fileRef = F9F091D433364D7EB4A2E0B1 /* InAppPurchase.m */; };
		A62F869B0F2B4FD6B222DDB9 /* SKProduct+LocalizedPrice.m in Sources */ = {isa = PBXBuildFile; fileRef = 1E1CC7606C6D47929DA459DE /* SKProduct+LocalizedPrice.m */; };
		0C945E4BFE294BD8B9944A00 /* SKProductDiscount+LocalizedPrice.m in Sources */ = {isa = PBXBuildFile; fileRef = 416AF6E3BCF8434D89A55CD2 /* SKProductDiscount+LocalizedPrice.m */; };
		843D69EE090647658542410A /* FileUtility.m in Sources */ = {isa = PBXBuildFile; fileRef = 44F93CACFF4C4627995A2FC3 /* FileUtility.m */; };
		2F1ADF6AC4AC46F4995AC4BA /* CDVWKWebViewFileXhr.m in Sources */ = {isa = PBXBuildFile; fileRef = 6278E674583C450289F23927 /* CDVWKWebViewFileXhr.m */; };
		12BF677E4B2645788F69E2FB /* WebKit.framework in Frameworks */ = {isa = PBXBuildFile; fileRef = 61D7C4375EAD4DE5AE588FCD /* WebKit.framework */; settings = {ATTRIBUTES = (Weak, ); }; };
/* End PBXBuildFile section */

/* Begin PBXContainerItemProxy section */
		301BF534109A57CC0062928A /* PBXContainerItemProxy */ = {
			isa = PBXContainerItemProxy;
			containerPortal = 301BF52D109A57CC0062928A /* CordovaLib.xcodeproj */;
			proxyType = 2;
			remoteGlobalIDString = D2AAC07E0554694100DB518D;
			remoteInfo = CordovaLib;
		};
		301BF550109A68C00062928A /* PBXContainerItemProxy */ = {
			isa = PBXContainerItemProxy;
			containerPortal = 301BF52D109A57CC0062928A /* CordovaLib.xcodeproj */;
			proxyType = 1;
			remoteGlobalIDString = D2AAC07D0554694100DB518D;
			remoteInfo = CordovaLib;
		};
		907D8123214C687600058A10 /* PBXContainerItemProxy */ = {
			isa = PBXContainerItemProxy;
			containerPortal = 301BF52D109A57CC0062928A /* CordovaLib.xcodeproj */;
			proxyType = 2;
			remoteGlobalIDString = C0C01EB21E3911D50056E6CB;
			remoteInfo = Cordova;
		};
/* End PBXContainerItemProxy section */

/* Begin PBXCopyFilesBuildPhase section */
		857339E32710CC9700A1C74C /* Copy Staging Resources */ = {
			isa = PBXCopyFilesBuildPhase;
			buildActionMask = 2147483647;
			dstPath = "";
			dstSubfolderSpec = 7;
			files = (
				4E7CA2B6272ABB0D00177EF9 /* config.xml in Copy Staging Resources */,
				4E7CA2B7272ABB0D00177EF9 /* www in Copy Staging Resources */,
			);
			name = "Copy Staging Resources";
			runOnlyForDeploymentPostprocessing = 0;
		};
/* End PBXCopyFilesBuildPhase section */

/* Begin PBXFileReference section */
		0207DA571B56EA530066E2B4 /* Assets.xcassets */ = {isa = PBXFileReference; lastKnownFileType = folder.assetcatalog; path = Assets.xcassets; sourceTree = "<group>"; };
		060D9277FD4C4DED95005C6E /* AMBPlugin.swift */ = {isa = PBXFileReference; explicitFileType = undefined; fileEncoding = 4; includeInIndex = 0; lastKnownFileType = sourcecode.swift; name = AMBPlugin.swift; path = "admob-plus-cordova/AMBPlugin.swift"; sourceTree = "<group>"; };
		1CAF873B054F4221B5DEA363 /* AMBAdBase.swift */ = {isa = PBXFileReference; explicitFileType = undefined; fileEncoding = 4; includeInIndex = 0; lastKnownFileType = sourcecode.swift; name = AMBAdBase.swift; path = "admob-plus-cordova/AMBAdBase.swift"; sourceTree = "<group>"; };
		1D3623240D0F684500981E51 /* AppDelegate.h */ = {isa = PBXFileReference; fileEncoding = 4; lastKnownFileType = sourcecode.c.h; path = AppDelegate.h; sourceTree = "<group>"; };
		1D3623250D0F684500981E51 /* AppDelegate.m */ = {isa = PBXFileReference; fileEncoding = 4; lastKnownFileType = sourcecode.c.objc; path = AppDelegate.m; sourceTree = "<group>"; };
		1D6058910D05DD3D006BFB54 /* The Rapid Bus Tracker.app */ = {isa = PBXFileReference; explicitFileType = wrapper.application; includeInIndex = 0; path = "The Rapid Bus Tracker.app"; sourceTree = BUILT_PRODUCTS_DIR; };
		1FC23CCFE7E541989F138F1A /* AMBInterstitial.swift */ = {isa = PBXFileReference; explicitFileType = undefined; fileEncoding = 4; includeInIndex = 0; lastKnownFileType = sourcecode.swift; name = AMBInterstitial.swift; path = "admob-plus-cordova/AMBInterstitial.swift"; sourceTree = "<group>"; };
		29B97316FDCFA39411CA2CEA /* main.m */ = {isa = PBXFileReference; fileEncoding = 4; lastKnownFileType = sourcecode.c.objc; path = main.m; sourceTree = "<group>"; };
		301BF52D109A57CC0062928A /* CordovaLib.xcodeproj */ = {isa = PBXFileReference; lastKnownFileType = "wrapper.pb-project"; name = CordovaLib.xcodeproj; path = CordovaLib/CordovaLib.xcodeproj; sourceTree = "<group>"; };
		301BF56E109A69640062928A /* www */ = {isa = PBXFileReference; lastKnownFileType = folder; path = www; sourceTree = SOURCE_ROOT; };
		302D95EE14D2391D003F00A1 /* MainViewController.h */ = {isa = PBXFileReference; fileEncoding = 4; lastKnownFileType = sourcecode.c.h; path = MainViewController.h; sourceTree = "<group>"; };
		302D95EF14D2391D003F00A1 /* MainViewController.m */ = {isa = PBXFileReference; fileEncoding = 4; lastKnownFileType = sourcecode.c.objc; path = MainViewController.m; sourceTree = "<group>"; };
		302D95F014D2391D003F00A1 /* MainViewController.xib */ = {isa = PBXFileReference; fileEncoding = 4; lastKnownFileType = file.xib; path = MainViewController.xib; sourceTree = "<group>"; };
		3047A50F1AB8059700498E2A /* build-debug.xcconfig */ = {isa = PBXFileReference; fileEncoding = 4; lastKnownFileType = text.xcconfig; name = "build-debug.xcconfig"; path = "cordova/build-debug.xcconfig"; sourceTree = SOURCE_ROOT; };
		3047A5101AB8059700498E2A /* build-release.xcconfig */ = {isa = PBXFileReference; fileEncoding = 4; lastKnownFileType = text.xcconfig; name = "build-release.xcconfig"; path = "cordova/build-release.xcconfig"; sourceTree = SOURCE_ROOT; };
		3047A5111AB8059700498E2A /* build.xcconfig */ = {isa = PBXFileReference; fileEncoding = 4; lastKnownFileType = text.xcconfig; name = build.xcconfig; path = cordova/build.xcconfig; sourceTree = SOURCE_ROOT; };
		32CA4F630368D1EE00C91783 /* The Rapid Bus Tracker-Prefix.pch */ = {isa = PBXFileReference; fileEncoding = 4; lastKnownFileType = sourcecode.c.h; path = "The Rapid Bus Tracker-Prefix.pch"; sourceTree = "<group>"; };
		38C8417264FF28CBD7822E64 /* Pods_The_Rapid_Bus_Tracker.framework */ = {isa = PBXFileReference; explicitFileType = wrapper.framework; includeInIndex = 0; path = Pods_The_Rapid_Bus_Tracker.framework; sourceTree = BUILT_PRODUCTS_DIR; };
		43709FD2986AF818769F33CE /* Pods-The Rapid Bus Tracker.release.xcconfig */ = {isa = PBXFileReference; includeInIndex = 1; lastKnownFileType = text.xcconfig; name = "Pods-The Rapid Bus Tracker.release.xcconfig"; path = "Target Support Files/Pods-The Rapid Bus Tracker/Pods-The Rapid Bus Tracker.release.xcconfig"; sourceTree = "<group>"; };
		45D3C0345B92489ABBF0CB89 /* AMBContext.swift */ = {isa = PBXFileReference; explicitFileType = undefined; fileEncoding = 4; includeInIndex = 0; lastKnownFileType = sourcecode.swift; name = AMBContext.swift; path = "admob-plus-cordova/AMBContext.swift"; sourceTree = "<group>"; };
		4CBBD4659BB04526977E77C5 /* AppTrackingTransparency.framework */ = {isa = PBXFileReference; explicitFileType = undefined; fileEncoding = undefined; includeInIndex = 0; lastKnownFileType = wrapper.framework; name = AppTrackingTransparency.framework; path = System/Library/Frameworks/AppTrackingTransparency.framework; sourceTree = SDKROOT; };
		60ED08A1EFF745C1B935F702 /* AMBRewardedInterstitial.swift */ = {isa = PBXFileReference; explicitFileType = undefined; fileEncoding = 4; includeInIndex = 0; lastKnownFileType = sourcecode.swift; name = AMBRewardedInterstitial.swift; path = "admob-plus-cordova/AMBRewardedInterstitial.swift"; sourceTree = "<group>"; };
		6AFF5BF81D6E424B00AB3073 /* CDVLaunchScreen.storyboard */ = {isa = PBXFileReference; fileEncoding = 4; lastKnownFileType = file.storyboard; path = CDVLaunchScreen.storyboard; sourceTree = "<group>"; };
		8D1107310486CEB800E47090 /* The Rapid Bus Tracker-Info.plist */ = {isa = PBXFileReference; fileEncoding = 4; lastKnownFileType = text.plist.xml; path = "The Rapid Bus Tracker-Info.plist"; plistStructureDefinitionIdentifier = "com.apple.xcode.plist.structure-definition.iphone.info-plist"; sourceTree = "<group>"; };
		90B630EE2AECBBD0009EF368 /* PrivacyInfo.xcprivacy */ = {isa = PBXFileReference; fileEncoding = 4; lastKnownFileType = text.xml; path = PrivacyInfo.xcprivacy; sourceTree = "<group>"; };
		975EE5604C2047B58177E863 /* AMBBanner.swift */ = {isa = PBXFileReference; explicitFileType = undefined; fileEncoding = 4; includeInIndex = 0; lastKnownFileType = sourcecode.swift; name = AMBBanner.swift; path = "admob-plus-cordova/AMBBanner.swift"; sourceTree = "<group>"; };
		9ABB3BDC24A64DC016BB6ECB /* Pods-The Rapid Bus Tracker.debug.xcconfig */ = {isa = PBXFileReference; includeInIndex = 1; lastKnownFileType = text.xcconfig; name = "Pods-The Rapid Bus Tracker.debug.xcconfig"; path = "Target Support Files/Pods-The Rapid Bus Tracker/Pods-The Rapid Bus Tracker.debug.xcconfig"; sourceTree = "<group>"; };
		A12BA625DC60481EB74372D7 /* AMBNativeAd.swift */ = {isa = PBXFileReference; explicitFileType = undefined; fileEncoding = 4; includeInIndex = 0; lastKnownFileType = sourcecode.swift; name = AMBNativeAd.swift; path = "admob-plus-cordova/AMBNativeAd.swift"; sourceTree = "<group>"; };
		AAD6B3CA2E5C4E1C8ABACEE2 /* AMBRewarded.swift */ = {isa = PBXFileReference; explicitFileType = undefined; fileEncoding = 4; includeInIndex = 0; lastKnownFileType = sourcecode.swift; name = AMBRewarded.swift; path = "admob-plus-cordova/AMBRewarded.swift"; sourceTree = "<group>"; };
		C89FCE2D1F35468F9A20E622 /* AMBGenerated.swift */ = {isa = PBXFileReference; explicitFileType = undefined; fileEncoding = 4; includeInIndex = 0; lastKnownFileType = sourcecode.swift; name = AMBGenerated.swift; path = "admob-plus-cordova/AMBGenerated.swift"; sourceTree = "<group>"; };
		DD06C7A3031A4658830BA362 /* AMBCore.swift */ = {isa = PBXFileReference; explicitFileType = undefined; fileEncoding = 4; includeInIndex = 0; lastKnownFileType = sourcecode.swift; name = AMBCore.swift; path = "admob-plus-cordova/AMBCore.swift"; sourceTree = "<group>"; };
		EB87FDF31871DA8E0020F90C /* www */ = {isa = PBXFileReference; lastKnownFileType = folder; name = www; path = ../../www; sourceTree = "<group>"; };
		EB87FDF41871DAF40020F90C /* config.xml */ = {isa = PBXFileReference; lastKnownFileType = text.xml; name = config.xml; path = ../../config.xml; sourceTree = "<group>"; };
		ED33DF2A687741AEAF9F8254 /* Bridging-Header.h */ = {isa = PBXFileReference; fileEncoding = 4; lastKnownFileType = sourcecode.c.h; path = "Bridging-Header.h"; sourceTree = "<group>"; };
		F5BFB8297C014ED5B785B933 /* AMBAppOpenAd.swift */ = {isa = PBXFileReference; explicitFileType = undefined; fileEncoding = 4; includeInIndex = 0; lastKnownFileType = sourcecode.swift; name = AMBAppOpenAd.swift; path = "admob-plus-cordova/AMBAppOpenAd.swift"; sourceTree = "<group>"; };
		F840E1F0165FE0F500CFE078 /* config.xml */ = {isa = PBXFileReference; lastKnownFileType = text.xml; name = config.xml; path = "The Rapid Bus Tracker/config.xml"; sourceTree = "<group>"; };
		5AF8DC33955B43C7A816B47E /* CDVNotification.m */ = {isa = PBXFileReference; name = "CDVNotification.m"; path = "cordova-plugin-dialogs/CDVNotification.m"; sourceTree = "<group>"; fileEncoding = 4; lastKnownFileType = sourcecode.c.objc; explicitFileType = undefined; includeInIndex = 0; };
		C440A0697CD548DD80792672 /* CDVNotification.h */ = {isa = PBXFileReference; name = "CDVNotification.h"; path = "cordova-plugin-dialogs/CDVNotification.h"; sourceTree = "<group>"; fileEncoding = 4; lastKnownFileType = sourcecode.c.h; explicitFileType = undefined; includeInIndex = 0; };
		08EB6DA8E3604F21B4619052 /* CDVNotification.bundle */ = {isa = PBXFileReference; name = "CDVNotification.bundle"; path = "CDVNotification.bundle"; sourceTree = "<group>"; fileEncoding = undefined; lastKnownFileType = wrapper.plug-in; explicitFileType = undefined; includeInIndex = 0; };
		4B9A6E4448AA481FBFE05D0D /* AudioToolbox.framework */ = {isa = PBXFileReference; name = "AudioToolbox.framework"; path = "System/Library/Frameworks/AudioToolbox.framework"; sourceTree = SDKROOT; fileEncoding = undefined; lastKnownFileType = wrapper.framework; explicitFileType = undefined; includeInIndex = 0; };
		047F32A0E5C04B46BBD36E5F /* NativeStorage.m */ = {isa = PBXFileReference; name = "NativeStorage.m"; path = "cordova-plugin-nativestorage/NativeStorage.m"; sourceTree = "<group>"; fileEncoding = 4; lastKnownFileType = sourcecode.c.objc; explicitFileType = undefined; includeInIndex = 0; };
		FE729037D51A4E3EB842EC6A /* NativeStorage.h */ = {isa = PBXFileReference; name = "NativeStorage.h"; path = "cordova-plugin-nativestorage/NativeStorage.h"; sourceTree = "<group>"; fileEncoding = 4; lastKnownFileType = sourcecode.c.h; explicitFileType = undefined; includeInIndex = 0; };
		8847BBAF2A8845C085FC5695 /* CDVAppRate.m */ = {isa = PBXFileReference; name = "CDVAppRate.m"; path = "cordova-plugin-apprate/CDVAppRate.m"; sourceTree = "<group>"; fileEncoding = 4; lastKnownFileType = sourcecode.c.objc; explicitFileType = undefined; includeInIndex = 0; };
		739012148F8F42BB85CC2AD3 /* CDVAppRate.h */ = {isa = PBXFileReference; name = "CDVAppRate.h"; path = "cordova-plugin-apprate/CDVAppRate.h"; sourceTree = "<group>"; fileEncoding = 4; lastKnownFileType = sourcecode.c.h; explicitFileType = undefined; includeInIndex = 0; };
		92E5F66649744ABFA11DE06C /* StoreKit.framework */ = {isa = PBXFileReference; name = "StoreKit.framework"; path = "System/Library/Frameworks/StoreKit.framework"; sourceTree = SDKROOT; fileEncoding = undefined; lastKnownFileType = wrapper.framework; explicitFileType = undefined; includeInIndex = 0; };
		0324FE63E6194F50AADABF7F /* CDVDevice.m */ = {isa = PBXFileReference; name = "CDVDevice.m"; path = "cordova-plugin-device/CDVDevice.m"; sourceTree = "<group>"; fileEncoding = 4; lastKnownFileType = sourcecode.c.objc; explicitFileType = undefined; includeInIndex = 0; };
		67F203E67CDB4FFBA283FBF6 /* CDVDevice.h */ = {isa = PBXFileReference; name = "CDVDevice.h"; path = "cordova-plugin-device/CDVDevice.h"; sourceTree = "<group>"; fileEncoding = 4; lastKnownFileType = sourcecode.c.h; explicitFileType = undefined; includeInIndex = 0; };
		BA3825B792E64B9484B691FB /* CDVDevice.bundle */ = {isa = PBXFileReference; name = "CDVDevice.bundle"; path = "CDVDevice.bundle"; sourceTree = "<group>"; fileEncoding = undefined; lastKnownFileType = wrapper.plug-in; explicitFileType = undefined; includeInIndex = 0; };
		71EC121C485945A88AE2BA51 /* CDVLocation.m */ = {isa = PBXFileReference; name = "CDVLocation.m"; path = "cordova-plugin-geolocation/CDVLocation.m"; sourceTree = "<group>"; fileEncoding = 4; lastKnownFileType = sourcecode.c.objc; explicitFileType = undefined; includeInIndex = 0; };
		488964428B32452DB2DEF1EB /* CDVLocation.h */ = {isa = PBXFileReference; name = "CDVLocation.h"; path = "cordova-plugin-geolocation/CDVLocation.h"; sourceTree = "<group>"; fileEncoding = 4; lastKnownFileType = sourcecode.c.h; explicitFileType = undefined; includeInIndex = 0; };
		A66CE6C86FAA405BB05B0F9F /* CoreLocation.framework */ = {isa = PBXFileReference; name = "CoreLocation.framework"; path = "System/Library/Frameworks/CoreLocation.framework"; sourceTree = SDKROOT; fileEncoding = undefined; lastKnownFileType = wrapper.framework; explicitFileType = undefined; includeInIndex = 0; };
		AA905172A0DA45CA9AB5A5A2 /* IdfaPlugin.m */ = {isa = PBXFileReference; name = "IdfaPlugin.m"; path = "cordova-plugin-idfa/IdfaPlugin.m"; sourceTree = "<group>"; fileEncoding = 4; lastKnownFileType = sourcecode.c.objc; explicitFileType = undefined; includeInIndex = 0; };
		70A76BCF038D4327A6DB95FE /* IdfaPlugin.h */ = {isa = PBXFileReference; name = "IdfaPlugin.h"; path = "cordova-plugin-idfa/IdfaPlugin.h"; sourceTree = "<group>"; fileEncoding = 4; lastKnownFileType = sourcecode.c.h; explicitFileType = undefined; includeInIndex = 0; };
		805099E3A8534FE9BED0DB84 /* AdSupport.framework */ = {isa = PBXFileReference; name = "AdSupport.framework"; path = "System/Library/Frameworks/AdSupport.framework"; sourceTree = SDKROOT; fileEncoding = undefined; lastKnownFileType = wrapper.framework; explicitFileType = undefined; includeInIndex = 0; };
		8E72F99B2F3144C0BE2D0AF0 /* CDVInAppBrowserOptions.m */ = {isa = PBXFileReference; name = "CDVInAppBrowserOptions.m"; path = "cordova-plugin-inappbrowser/CDVInAppBrowserOptions.m"; sourceTree = "<group>"; fileEncoding = 4; lastKnownFileType = sourcecode.c.objc; explicitFileType = undefined; includeInIndex = 0; };
		55B0E2DA3BB2438E90F8E2EA /* CDVInAppBrowserNavigationController.m */ = {isa = PBXFileReference; name = "CDVInAppBrowserNavigationController.m"; path = "cordova-plugin-inappbrowser/CDVInAppBrowserNavigationController.m"; sourceTree = "<group>"; fileEncoding = 4; lastKnownFileType = sourcecode.c.objc; explicitFileType = undefined; includeInIndex = 0; };
		25B70A24F4694E7D810CB99C /* CDVWKInAppBrowser.m */ = {isa = PBXFileReference; name = "CDVWKInAppBrowser.m"; path = "cordova-plugin-inappbrowser/CDVWKInAppBrowser.m"; sourceTree = "<group>"; fileEncoding = 4; lastKnownFileType = sourcecode.c.objc; explicitFileType = undefined; includeInIndex = 0; };
		C0514D1A5D6B43838821A50A /* CDVWKInAppBrowserUIDelegate.m */ = {isa = PBXFileReference; name = "CDVWKInAppBrowserUIDelegate.m"; path = "cordova-plugin-inappbrowser/CDVWKInAppBrowserUIDelegate.m"; sourceTree = "<group>"; fileEncoding = 4; lastKnownFileType = sourcecode.c.objc; explicitFileType = undefined; includeInIndex = 0; };
		7116148B88C541C0BC8AFF83 /* CDVInAppBrowserOptions.h */ = {isa = PBXFileReference; name = "CDVInAppBrowserOptions.h"; path = "cordova-plugin-inappbrowser/CDVInAppBrowserOptions.h"; sourceTree = "<group>"; fileEncoding = 4; lastKnownFileType = sourcecode.c.h; explicitFileType = undefined; includeInIndex = 0; };
		4B6B8D286BE34962A7394795 /* CDVInAppBrowserNavigationController.h */ = {isa = PBXFileReference; name = "CDVInAppBrowserNavigationController.h"; path = "cordova-plugin-inappbrowser/CDVInAppBrowserNavigationController.h"; sourceTree = "<group>"; fileEncoding = 4; lastKnownFileType = sourcecode.c.h; explicitFileType = undefined; includeInIndex = 0; };
		B12D0FAC84BF48888F2CE1D0 /* CDVWKInAppBrowser.h */ = {isa = PBXFileReference; name = "CDVWKInAppBrowser.h"; path = "cordova-plugin-inappbrowser/CDVWKInAppBrowser.h"; sourceTree = "<group>"; fileEncoding = 4; lastKnownFileType = sourcecode.c.h; explicitFileType = undefined; includeInIndex = 0; };
		2A701E45D9704FD49FA268A2 /* CDVWKInAppBrowserUIDelegate.h */ = {isa = PBXFileReference; name = "CDVWKInAppBrowserUIDelegate.h"; path = "cordova-plugin-inappbrowser/CDVWKInAppBrowserUIDelegate.h"; sourceTree = "<group>"; fileEncoding = 4; lastKnownFileType = sourcecode.c.h; explicitFileType = undefined; includeInIndex = 0; };
		F9F091D433364D7EB4A2E0B1 /* InAppPurchase.m */ = {isa = PBXFileReference; name = "InAppPurchase.m"; path = "cordova-plugin-purchase/InAppPurchase.m"; sourceTree = "<group>"; fileEncoding = 4; lastKnownFileType = sourcecode.c.objc; explicitFileType = undefined; includeInIndex = 0; };
		1E1CC7606C6D47929DA459DE /* SKProduct+LocalizedPrice.m */ = {isa = PBXFileReference; name = "SKProduct+LocalizedPrice.m"; path = "cordova-plugin-purchase/SKProduct+LocalizedPrice.m"; sourceTree = "<group>"; fileEncoding = 4; lastKnownFileType = sourcecode.c.objc; explicitFileType = undefined; includeInIndex = 0; };
		416AF6E3BCF8434D89A55CD2 /* SKProductDiscount+LocalizedPrice.m */ = {isa = PBXFileReference; name = "SKProductDiscount+LocalizedPrice.m"; path = "cordova-plugin-purchase/SKProductDiscount+LocalizedPrice.m"; sourceTree = "<group>"; fileEncoding = 4; lastKnownFileType = sourcecode.c.objc; explicitFileType = undefined; includeInIndex = 0; };
		44F93CACFF4C4627995A2FC3 /* FileUtility.m */ = {isa = PBXFileReference; name = "FileUtility.m"; path = "cordova-plugin-purchase/FileUtility.m"; sourceTree = "<group>"; fileEncoding = 4; lastKnownFileType = sourcecode.c.objc; explicitFileType = undefined; includeInIndex = 0; };
		1287E98A1AA6428B959EBDE2 /* InAppPurchase.h */ = {isa = PBXFileReference; name = "InAppPurchase.h"; path = "cordova-plugin-purchase/InAppPurchase.h"; sourceTree = "<group>"; fileEncoding = 4; lastKnownFileType = sourcecode.c.h; explicitFileType = undefined; includeInIndex = 0; };
		518758F563B042D284222B4A /* SKProduct+LocalizedPrice.h */ = {isa = PBXFileReference; name = "SKProduct+LocalizedPrice.h"; path = "cordova-plugin-purchase/SKProduct+LocalizedPrice.h"; sourceTree = "<group>"; fileEncoding = 4; lastKnownFileType = sourcecode.c.h; explicitFileType = undefined; includeInIndex = 0; };
		3A774714428D4FC386F57141 /* SKProductDiscount+LocalizedPrice.h */ = {isa = PBXFileReference; name = "SKProductDiscount+LocalizedPrice.h"; path = "cordova-plugin-purchase/SKProductDiscount+LocalizedPrice.h"; sourceTree = "<group>"; fileEncoding = 4; lastKnownFileType = sourcecode.c.h; explicitFileType = undefined; includeInIndex = 0; };
		41CDB9883D5049ABB7F2CB27 /* FileUtility.h */ = {isa = PBXFileReference; name = "FileUtility.h"; path = "cordova-plugin-purchase/FileUtility.h"; sourceTree = "<group>"; fileEncoding = 4; lastKnownFileType = sourcecode.c.h; explicitFileType = undefined; includeInIndex = 0; };
		6278E674583C450289F23927 /* CDVWKWebViewFileXhr.m */ = {isa = PBXFileReference; name = "CDVWKWebViewFileXhr.m"; path = "cordova-plugin-wkwebview-file-xhr/CDVWKWebViewFileXhr.m"; sourceTree = "<group>"; fileEncoding = 4; lastKnownFileType = sourcecode.c.objc; explicitFileType = undefined; includeInIndex = 0; };
		C5247AEFA5F54092B0635550 /* CDVWKWebViewFileXhr.h */ = {isa = PBXFileReference; name = "CDVWKWebViewFileXhr.h"; path = "cordova-plugin-wkwebview-file-xhr/CDVWKWebViewFileXhr.h"; sourceTree = "<group>"; fileEncoding = 4; lastKnownFileType = sourcecode.c.h; explicitFileType = undefined; includeInIndex = 0; };
		61D7C4375EAD4DE5AE588FCD /* WebKit.framework */ = {isa = PBXFileReference; name = "WebKit.framework"; path = "System/Library/Frameworks/WebKit.framework"; sourceTree = SDKROOT; fileEncoding = undefined; lastKnownFileType = wrapper.framework; explicitFileType = undefined; includeInIndex = 0; };
/* End PBXFileReference section */

/* Begin PBXFrameworksBuildPhase section */
		1D60588F0D05DD3D006BFB54 /* Frameworks */ = {
			isa = PBXFrameworksBuildPhase;
			buildActionMask = 2147483647;
			files = (
				301BF552109A68D80062928A /* libCordova.a in Frameworks */,
				90A2DFA72CA4471FA906E3D8 /* AppTrackingTransparency.framework in Frameworks */,
				E3CE25CC42411C3A9E02C93E /* Pods_The_Rapid_Bus_Tracker.framework in Frameworks */,
				B993A18C4A004BC89A528996 /* AudioToolbox.framework in Frameworks */,
				1C5C6AD8EB894BC488D59C59 /* StoreKit.framework in Frameworks */,
				6472E0B89B60463B84E81982 /* CoreLocation.framework in Frameworks */,
				5F042290B7F84FC99F17DE95 /* AdSupport.framework in Frameworks */,
				12BF677E4B2645788F69E2FB /* WebKit.framework in Frameworks */,
			);
			runOnlyForDeploymentPostprocessing = 0;
		};
/* End PBXFrameworksBuildPhase section */

/* Begin PBXGroup section */
		19C28FACFE9D520D11CA2CBB /* Products */ = {
			isa = PBXGroup;
			children = (
				1D6058910D05DD3D006BFB54 /* The Rapid Bus Tracker.app */,
			);
			name = Products;
			sourceTree = "<group>";
		};
		29B97314FDCFA39411CA2CEA = {
			isa = PBXGroup;
			children = (
				EB87FDF41871DAF40020F90C /* config.xml */,
				3047A50E1AB8057F00498E2A /* config */,
				EB87FDF31871DA8E0020F90C /* www */,
				EB87FDF11871DA420020F90C /* Staging */,
				301BF52D109A57CC0062928A /* CordovaLib.xcodeproj */,
				29B97315FDCFA39411CA2CEA /* The Rapid Bus Tracker */,
				307C750510C5A3420062BCA9 /* Plugins */,
				29B97317FDCFA39411CA2CEA /* Resources */,
				29B97323FDCFA39411CA2CEA /* Frameworks */,
				19C28FACFE9D520D11CA2CBB /* Products */,
				C7C220BB44550241559C72A7 /* Pods */,
			);
			name = CustomTemplate;
			sourceTree = "<group>";
		};
		29B97315FDCFA39411CA2CEA /* The Rapid Bus Tracker */ = {
			isa = PBXGroup;
			children = (
				90B630EE2AECBBD0009EF368 /* PrivacyInfo.xcprivacy */,
				8D1107310486CEB800E47090 /* The Rapid Bus Tracker-Info.plist */,
				32CA4F630368D1EE00C91783 /* The Rapid Bus Tracker-Prefix.pch */,
				6AFF5BF81D6E424B00AB3073 /* CDVLaunchScreen.storyboard */,
				0207DA571B56EA530066E2B4 /* Assets.xcassets */,
				ED33DF2A687741AEAF9F8254 /* Bridging-Header.h */,
				302D95EE14D2391D003F00A1 /* MainViewController.h */,
				302D95EF14D2391D003F00A1 /* MainViewController.m */,
				302D95F014D2391D003F00A1 /* MainViewController.xib */,
				1D3623240D0F684500981E51 /* AppDelegate.h */,
				1D3623250D0F684500981E51 /* AppDelegate.m */,
				29B97316FDCFA39411CA2CEA /* main.m */,
			);
			name = "The Rapid Bus Tracker";
			path = "The Rapid Bus Tracker";
			sourceTree = "<group>";
		};
		29B97317FDCFA39411CA2CEA /* Resources */ = {
			isa = PBXGroup;
			children = (
				08EB6DA8E3604F21B4619052 /* CDVNotification.bundle */,
				BA3825B792E64B9484B691FB /* CDVDevice.bundle */,
			);
			name = Resources;
			path = "The Rapid Bus Tracker/Resources";
			sourceTree = "<group>";
		};
		29B97323FDCFA39411CA2CEA /* Frameworks */ = {
			isa = PBXGroup;
			children = (
				4CBBD4659BB04526977E77C5 /* AppTrackingTransparency.framework */,
				38C8417264FF28CBD7822E64 /* Pods_The_Rapid_Bus_Tracker.framework */,
				4B9A6E4448AA481FBFE05D0D /* AudioToolbox.framework */,
				92E5F66649744ABFA11DE06C /* StoreKit.framework */,
				A66CE6C86FAA405BB05B0F9F /* CoreLocation.framework */,
				805099E3A8534FE9BED0DB84 /* AdSupport.framework */,
				61D7C4375EAD4DE5AE588FCD /* WebKit.framework */,
			);
			name = Frameworks;
			sourceTree = "<group>";
		};
		301BF52E109A57CC0062928A /* Products */ = {
			isa = PBXGroup;
			children = (
				301BF535109A57CC0062928A /* libCordova.a */,
				907D8124214C687600058A10 /* Cordova.framework */,
			);
			name = Products;
			sourceTree = "<group>";
		};
		3047A50E1AB8057F00498E2A /* config */ = {
			isa = PBXGroup;
			children = (
				3047A50F1AB8059700498E2A /* build-debug.xcconfig */,
				3047A5101AB8059700498E2A /* build-release.xcconfig */,
				3047A5111AB8059700498E2A /* build.xcconfig */,
			);
			name = config;
			sourceTree = "<group>";
		};
		307C750510C5A3420062BCA9 /* Plugins */ = {
			isa = PBXGroup;
			children = (
				1CAF873B054F4221B5DEA363 /* AMBAdBase.swift */,
				F5BFB8297C014ED5B785B933 /* AMBAppOpenAd.swift */,
				975EE5604C2047B58177E863 /* AMBBanner.swift */,
				45D3C0345B92489ABBF0CB89 /* AMBContext.swift */,
				DD06C7A3031A4658830BA362 /* AMBCore.swift */,
				C89FCE2D1F35468F9A20E622 /* AMBGenerated.swift */,
				1FC23CCFE7E541989F138F1A /* AMBInterstitial.swift */,
				A12BA625DC60481EB74372D7 /* AMBNativeAd.swift */,
				060D9277FD4C4DED95005C6E /* AMBPlugin.swift */,
				AAD6B3CA2E5C4E1C8ABACEE2 /* AMBRewarded.swift */,
				60ED08A1EFF745C1B935F702 /* AMBRewardedInterstitial.swift */,
				5AF8DC33955B43C7A816B47E /* CDVNotification.m */,
				C440A0697CD548DD80792672 /* CDVNotification.h */,
				047F32A0E5C04B46BBD36E5F /* NativeStorage.m */,
				FE729037D51A4E3EB842EC6A /* NativeStorage.h */,
				8847BBAF2A8845C085FC5695 /* CDVAppRate.m */,
				739012148F8F42BB85CC2AD3 /* CDVAppRate.h */,
				0324FE63E6194F50AADABF7F /* CDVDevice.m */,
				67F203E67CDB4FFBA283FBF6 /* CDVDevice.h */,
				71EC121C485945A88AE2BA51 /* CDVLocation.m */,
				488964428B32452DB2DEF1EB /* CDVLocation.h */,
				AA905172A0DA45CA9AB5A5A2 /* IdfaPlugin.m */,
				70A76BCF038D4327A6DB95FE /* IdfaPlugin.h */,
				8E72F99B2F3144C0BE2D0AF0 /* CDVInAppBrowserOptions.m */,
				55B0E2DA3BB2438E90F8E2EA /* CDVInAppBrowserNavigationController.m */,
				25B70A24F4694E7D810CB99C /* CDVWKInAppBrowser.m */,
				C0514D1A5D6B43838821A50A /* CDVWKInAppBrowserUIDelegate.m */,
				7116148B88C541C0BC8AFF83 /* CDVInAppBrowserOptions.h */,
				4B6B8D286BE34962A7394795 /* CDVInAppBrowserNavigationController.h */,
				B12D0FAC84BF48888F2CE1D0 /* CDVWKInAppBrowser.h */,
				2A701E45D9704FD49FA268A2 /* CDVWKInAppBrowserUIDelegate.h */,
				F9F091D433364D7EB4A2E0B1 /* InAppPurchase.m */,
				1E1CC7606C6D47929DA459DE /* SKProduct+LocalizedPrice.m */,
				416AF6E3BCF8434D89A55CD2 /* SKProductDiscount+LocalizedPrice.m */,
				44F93CACFF4C4627995A2FC3 /* FileUtility.m */,
				1287E98A1AA6428B959EBDE2 /* InAppPurchase.h */,
				518758F563B042D284222B4A /* SKProduct+LocalizedPrice.h */,
				3A774714428D4FC386F57141 /* SKProductDiscount+LocalizedPrice.h */,
				41CDB9883D5049ABB7F2CB27 /* FileUtility.h */,
				6278E674583C450289F23927 /* CDVWKWebViewFileXhr.m */,
				C5247AEFA5F54092B0635550 /* CDVWKWebViewFileXhr.h */,
			);
			name = Plugins;
			path = "The Rapid Bus Tracker/Plugins";
			sourceTree = SOURCE_ROOT;
		};
		C7C220BB44550241559C72A7 /* Pods */ = {
			isa = PBXGroup;
			children = (
				9ABB3BDC24A64DC016BB6ECB /* Pods-The Rapid Bus Tracker.debug.xcconfig */,
				43709FD2986AF818769F33CE /* Pods-The Rapid Bus Tracker.release.xcconfig */,
			);
			name = Pods;
			path = Pods;
			sourceTree = "<group>";
		};
		EB87FDF11871DA420020F90C /* Staging */ = {
			isa = PBXGroup;
			children = (
				F840E1F0165FE0F500CFE078 /* config.xml */,
				301BF56E109A69640062928A /* www */,
			);
			name = Staging;
			sourceTree = "<group>";
		};
/* End PBXGroup section */

/* Begin PBXNativeTarget section */
		1D6058900D05DD3D006BFB54 /* The Rapid Bus Tracker */ = {
			isa = PBXNativeTarget;
			buildConfigurationList = 1D6058960D05DD3E006BFB54 /* Build configuration list for PBXNativeTarget "The Rapid Bus Tracker" */;
			buildPhases = (
				DD8FDAF3DDFD333073BCCFEC /* [CP] Check Pods Manifest.lock */,
				857339E32710CC9700A1C74C /* Copy Staging Resources */,
				1D60588D0D05DD3D006BFB54 /* Resources */,
				1D60588E0D05DD3D006BFB54 /* Sources */,
				1D60588F0D05DD3D006BFB54 /* Frameworks */,
				1439887BE43A2D9A5557E90D /* [CP] Copy Pods Resources */,
			);
			buildRules = (
			);
			dependencies = (
				301BF551109A68C00062928A /* PBXTargetDependency */,
			);
			name = "The Rapid Bus Tracker";
			productName = "The Rapid Bus Tracker";
			productReference = 1D6058910D05DD3D006BFB54 /* The Rapid Bus Tracker.app */;
			productType = "com.apple.product-type.application";
		};
/* End PBXNativeTarget section */

/* Begin PBXProject section */
		29B97313FDCFA39411CA2CEA /* Project object */ = {
			isa = PBXProject;
			attributes = {
				BuildIndependentTargetsInParallel = YES;
				LastUpgradeCheck = 1130;
				TargetAttributes = {
					1D6058900D05DD3D006BFB54 = {
						ProvisioningStyle = Automatic;
					};
				};
			};
			buildConfigurationList = C01FCF4E08A954540054247B /* Build configuration list for PBXProject "The Rapid Bus Tracker" */;
			compatibilityVersion = "Xcode 11.0";
			developmentRegion = en;
			hasScannedForEncodings = 1;
			knownRegions = (
				en,
				Base,
			);
			mainGroup = 29B97314FDCFA39411CA2CEA;
			productRefGroup = 19C28FACFE9D520D11CA2CBB /* Products */;
			projectDirPath = "";
			projectReferences = (
				{
					ProductGroup = 301BF52E109A57CC0062928A /* Products */;
					ProjectRef = 301BF52D109A57CC0062928A /* CordovaLib.xcodeproj */;
				},
			);
			projectRoot = "";
			targets = (
				1D6058900D05DD3D006BFB54 /* The Rapid Bus Tracker */,
			);
		};
/* End PBXProject section */

/* Begin PBXReferenceProxy section */
		301BF535109A57CC0062928A /* libCordova.a */ = {
			isa = PBXReferenceProxy;
			fileType = archive.ar;
			path = libCordova.a;
			remoteRef = 301BF534109A57CC0062928A /* PBXContainerItemProxy */;
			sourceTree = BUILT_PRODUCTS_DIR;
		};
		907D8124214C687600058A10 /* Cordova.framework */ = {
			isa = PBXReferenceProxy;
			fileType = wrapper.framework;
			path = Cordova.framework;
			remoteRef = 907D8123214C687600058A10 /* PBXContainerItemProxy */;
			sourceTree = BUILT_PRODUCTS_DIR;
		};
/* End PBXReferenceProxy section */

/* Begin PBXResourcesBuildPhase section */
		1D60588D0D05DD3D006BFB54 /* Resources */ = {
			isa = PBXResourcesBuildPhase;
			buildActionMask = 2147483647;
			files = (
				302D95F214D2391D003F00A1 /* MainViewController.xib in Resources */,
				0207DA581B56EA530066E2B4 /* Assets.xcassets in Resources */,
				90B630EF2AECBBD0009EF368 /* PrivacyInfo.xcprivacy in Resources */,
				6AFF5BF91D6E424B00AB3073 /* CDVLaunchScreen.storyboard in Resources */,
				7E6422E2A5D048F390811C50 /* CDVNotification.bundle in Resources */,
				6F2DBFA61A754DE28527FF10 /* CDVDevice.bundle in Resources */,
			);
			runOnlyForDeploymentPostprocessing = 0;
		};
/* End PBXResourcesBuildPhase section */

/* Begin PBXShellScriptBuildPhase section */
		1439887BE43A2D9A5557E90D /* [CP] Copy Pods Resources */ = {
			isa = PBXShellScriptBuildPhase;
			buildActionMask = 2147483647;
			files = (
			);
			inputFileListPaths = (
				"${PODS_ROOT}/Target Support Files/Pods-The Rapid Bus Tracker/Pods-The Rapid Bus Tracker-resources-${CONFIGURATION}-input-files.xcfilelist",
			);
			name = "[CP] Copy Pods Resources";
			outputFileListPaths = (
				"${PODS_ROOT}/Target Support Files/Pods-The Rapid Bus Tracker/Pods-The Rapid Bus Tracker-resources-${CONFIGURATION}-output-files.xcfilelist",
			);
			runOnlyForDeploymentPostprocessing = 0;
			shellPath = /bin/sh;
			shellScript = "\"${PODS_ROOT}/Target Support Files/Pods-The Rapid Bus Tracker/Pods-The Rapid Bus Tracker-resources.sh\"\n";
			showEnvVarsInLog = 0;
		};
		DD8FDAF3DDFD333073BCCFEC /* [CP] Check Pods Manifest.lock */ = {
			isa = PBXShellScriptBuildPhase;
			buildActionMask = 2147483647;
			files = (
			);
			inputFileListPaths = (
			);
			inputPaths = (
				"${PODS_PODFILE_DIR_PATH}/Podfile.lock",
				"${PODS_ROOT}/Manifest.lock",
			);
			name = "[CP] Check Pods Manifest.lock";
			outputFileListPaths = (
			);
			outputPaths = (
				"$(DERIVED_FILE_DIR)/Pods-The Rapid Bus Tracker-checkManifestLockResult.txt",
			);
			runOnlyForDeploymentPostprocessing = 0;
			shellPath = /bin/sh;
			shellScript = "diff \"${PODS_PODFILE_DIR_PATH}/Podfile.lock\" \"${PODS_ROOT}/Manifest.lock\" > /dev/null\nif [ $? != 0 ] ; then\n    # print error to STDERR\n    echo \"error: The sandbox is not in sync with the Podfile.lock. Run 'pod install' or update your CocoaPods installation.\" >&2\n    exit 1\nfi\n# This output is used by Xcode 'outputs' to avoid re-running this script phase.\necho \"SUCCESS\" > \"${SCRIPT_OUTPUT_FILE_0}\"\n";
			showEnvVarsInLog = 0;
		};
/* End PBXShellScriptBuildPhase section */

/* Begin PBXSourcesBuildPhase section */
		1D60588E0D05DD3D006BFB54 /* Sources */ = {
			isa = PBXSourcesBuildPhase;
			buildActionMask = 2147483647;
			files = (
				1D60589B0D05DD56006BFB54 /* main.m in Sources */,
				1D3623260D0F684500981E51 /* AppDelegate.m in Sources */,
				302D95F114D2391D003F00A1 /* MainViewController.m in Sources */,
				78B9F3BD6DA642A39AB85432 /* AMBAdBase.swift in Sources */,
				0CB83C2B04ED4B06A7859944 /* AMBAppOpenAd.swift in Sources */,
				A5F64414689849D187574B88 /* AMBBanner.swift in Sources */,
				3BC949676A2C4207B29858D8 /* AMBContext.swift in Sources */,
				BF9CBD22CCA7453D8B237724 /* AMBCore.swift in Sources */,
				024F8E563779487AAC1B1F15 /* AMBGenerated.swift in Sources */,
				CED1ADB56BFA47FDAB26781D /* AMBInterstitial.swift in Sources */,
				E239D047E05A45C89AC9CCA5 /* AMBNativeAd.swift in Sources */,
				47142DAD92D64B50A32FDFCA /* AMBPlugin.swift in Sources */,
				BE640327BE9248F985CC4EC3 /* AMBRewarded.swift in Sources */,
				644E79C183274EFD9241B7C8 /* AMBRewardedInterstitial.swift in Sources */,
				9C97E5955FB94856A490BFAD /* CDVNotification.m in Sources */,
				7697E050968F4355AD570C75 /* NativeStorage.m in Sources */,
				EE3D66F80CAE4E098975F4B1 /* CDVAppRate.m in Sources */,
				8A668665A2A14BA693976514 /* CDVDevice.m in Sources */,
				AB7A2888B8FB4D7D9511C1A4 /* CDVLocation.m in Sources */,
				9E02BF73005644D9958D6F2A /* IdfaPlugin.m in Sources */,
				65D321709F4840AA8C10F19C /* CDVInAppBrowserOptions.m in Sources */,
				DDBDAE6DFADB4F56A42E64B9 /* CDVInAppBrowserNavigationController.m in Sources */,
				77AFEFB7D5864FE1ABF8ABC9 /* CDVWKInAppBrowser.m in Sources */,
				DA22D4F4D3544D6BAAD65BF7 /* CDVWKInAppBrowserUIDelegate.m in Sources */,
				6F1854CF915B400383B28B06 /* InAppPurchase.m in Sources */,
				A62F869B0F2B4FD6B222DDB9 /* SKProduct+LocalizedPrice.m in Sources */,
				0C945E4BFE294BD8B9944A00 /* SKProductDiscount+LocalizedPrice.m in Sources */,
				843D69EE090647658542410A /* FileUtility.m in Sources */,
				2F1ADF6AC4AC46F4995AC4BA /* CDVWKWebViewFileXhr.m in Sources */,
			);
			runOnlyForDeploymentPostprocessing = 0;
		};
/* End PBXSourcesBuildPhase section */

/* Begin PBXTargetDependency section */
		301BF551109A68C00062928A /* PBXTargetDependency */ = {
			isa = PBXTargetDependency;
			name = CordovaLib;
			targetProxy = 301BF550109A68C00062928A /* PBXContainerItemProxy */;
		};
/* End PBXTargetDependency section */

/* Begin XCBuildConfiguration section */
		1D6058940D05DD3E006BFB54 /* Debug */ = {
			isa = XCBuildConfiguration;
			baseConfigurationReference = 3047A50F1AB8059700498E2A /* build-debug.xcconfig */;
			buildSettings = {
				ALWAYS_SEARCH_USER_PATHS = NO;
				ASSETCATALOG_COMPILER_APPICON_NAME = AppIcon;
				CLANG_ENABLE_MODULES = YES;
				CLANG_ENABLE_OBJC_ARC = YES;
				CODE_SIGN_ENTITLEMENTS = "$(PROJECT_DIR)/$(PROJECT_NAME)/Entitlements-$(CONFIGURATION).plist";
				COPY_PHASE_STRIP = NO;
				GCC_DYNAMIC_NO_PIC = NO;
				GCC_OPTIMIZATION_LEVEL = 0;
				GCC_PRECOMPILE_PREFIX_HEADER = YES;
				GCC_PREFIX_HEADER = "The Rapid Bus Tracker/The Rapid Bus Tracker-Prefix.pch";
				GCC_THUMB_SUPPORT = NO;
				GCC_VERSION = "";
				INFOPLIST_FILE = "The Rapid Bus Tracker/The Rapid Bus Tracker-Info.plist";
				IPHONEOS_DEPLOYMENT_TARGET = 12.0;
				LD_RUNPATH_SEARCH_PATHS = "@executable_path/Frameworks";
				PRODUCT_BUNDLE_IDENTIFIER = com.grandrapids.free;
				PRODUCT_NAME = "$(TARGET_NAME)";
				SUPPORTS_MACCATALYST = YES;
				SWIFT_VERSION = 5.3;
				TARGETED_DEVICE_FAMILY = "1,2";
				VALIDATE_WORKSPACE = NO;
			};
			name = Debug;
		};
		1D6058950D05DD3E006BFB54 /* Release */ = {
			isa = XCBuildConfiguration;
			baseConfigurationReference = 3047A5101AB8059700498E2A /* build-release.xcconfig */;
			buildSettings = {
				ALWAYS_SEARCH_USER_PATHS = NO;
				ASSETCATALOG_COMPILER_APPICON_NAME = AppIcon;
				CLANG_ENABLE_MODULES = YES;
				CLANG_ENABLE_OBJC_ARC = YES;
				CODE_SIGN_ENTITLEMENTS = "$(PROJECT_DIR)/$(PROJECT_NAME)/Entitlements-$(CONFIGURATION).plist";
				COPY_PHASE_STRIP = YES;
				GCC_PRECOMPILE_PREFIX_HEADER = YES;
				GCC_PREFIX_HEADER = "The Rapid Bus Tracker/The Rapid Bus Tracker-Prefix.pch";
				GCC_THUMB_SUPPORT = NO;
				GCC_VERSION = "";
				INFOPLIST_FILE = "The Rapid Bus Tracker/The Rapid Bus Tracker-Info.plist";
				IPHONEOS_DEPLOYMENT_TARGET = 12.0;
				LD_RUNPATH_SEARCH_PATHS = "@executable_path/Frameworks";
				PRODUCT_BUNDLE_IDENTIFIER = com.grandrapids.free;
				PRODUCT_NAME = "$(TARGET_NAME)";
				SUPPORTS_MACCATALYST = YES;
				SWIFT_VERSION = 5.3;
				TARGETED_DEVICE_FAMILY = "1,2";
				VALIDATE_WORKSPACE = NO;
			};
			name = Release;
		};
		C01FCF4F08A954540054247B /* Debug */ = {
			isa = XCBuildConfiguration;
			baseConfigurationReference = 3047A5111AB8059700498E2A /* build.xcconfig */;
			buildSettings = {
				ASSETCATALOG_COMPILER_GENERATE_SWIFT_ASSET_SYMBOL_EXTENSIONS = YES;
				CLANG_ANALYZER_LOCALIZABILITY_NONLOCALIZED = YES;
				CLANG_ENABLE_MODULES = YES;
				CLANG_ENABLE_OBJC_ARC = YES;
				CLANG_WARN_BLOCK_CAPTURE_AUTORELEASING = YES;
				CLANG_WARN_BOOL_CONVERSION = YES;
				CLANG_WARN_COMMA = YES;
				CLANG_WARN_CONSTANT_CONVERSION = YES;
				CLANG_WARN_DEPRECATED_OBJC_IMPLEMENTATIONS = YES;
				CLANG_WARN_EMPTY_BODY = YES;
				CLANG_WARN_ENUM_CONVERSION = YES;
				CLANG_WARN_INFINITE_RECURSION = YES;
				CLANG_WARN_INT_CONVERSION = YES;
				CLANG_WARN_NON_LITERAL_NULL_CONVERSION = YES;
				CLANG_WARN_OBJC_IMPLICIT_RETAIN_SELF = YES;
				CLANG_WARN_OBJC_LITERAL_CONVERSION = YES;
				CLANG_WARN_QUOTED_INCLUDE_IN_FRAMEWORK_HEADER = YES;
				CLANG_WARN_RANGE_LOOP_ANALYSIS = YES;
				CLANG_WARN_STRICT_PROTOTYPES = YES;
				CLANG_WARN_SUSPICIOUS_MOVE = YES;
				CLANG_WARN_UNREACHABLE_CODE = YES;
				CLANG_WARN__DUPLICATE_METHOD_MATCH = YES;
				ENABLE_STRICT_OBJC_MSGSEND = YES;
				ENABLE_TESTABILITY = YES;
				ENABLE_USER_SCRIPT_SANDBOXING = NO;
				GCC_C_LANGUAGE_STANDARD = c99;
				GCC_NO_COMMON_BLOCKS = YES;
				GCC_THUMB_SUPPORT = NO;
				GCC_VERSION = "";
				GCC_WARN_64_TO_32_BIT_CONVERSION = YES;
				GCC_WARN_ABOUT_RETURN_TYPE = YES;
				GCC_WARN_UNDECLARED_SELECTOR = YES;
				GCC_WARN_UNINITIALIZED_AUTOS = YES;
				GCC_WARN_UNUSED_FUNCTION = YES;
				GCC_WARN_UNUSED_VARIABLE = YES;
				IPHONEOS_DEPLOYMENT_TARGET = 12.0;
				MERGED_BINARY_TYPE = automatic;
				ONLY_ACTIVE_ARCH = YES;
				SDKROOT = iphoneos;
				SKIP_INSTALL = NO;
				SWIFT_VERSION = 5.3;
				TARGETED_DEVICE_FAMILY = "1,2";
				WK_WEB_VIEW_ONLY = 1;
			};
			name = Debug;
		};
		C01FCF5008A954540054247B /* Release */ = {
			isa = XCBuildConfiguration;
			baseConfigurationReference = 3047A5111AB8059700498E2A /* build.xcconfig */;
			buildSettings = {
				ASSETCATALOG_COMPILER_GENERATE_SWIFT_ASSET_SYMBOL_EXTENSIONS = YES;
				CLANG_ANALYZER_LOCALIZABILITY_NONLOCALIZED = YES;
				CLANG_ENABLE_MODULES = YES;
				CLANG_ENABLE_OBJC_ARC = YES;
				CLANG_WARN_BLOCK_CAPTURE_AUTORELEASING = YES;
				CLANG_WARN_BOOL_CONVERSION = YES;
				CLANG_WARN_COMMA = YES;
				CLANG_WARN_CONSTANT_CONVERSION = YES;
				CLANG_WARN_DEPRECATED_OBJC_IMPLEMENTATIONS = YES;
				CLANG_WARN_EMPTY_BODY = YES;
				CLANG_WARN_ENUM_CONVERSION = YES;
				CLANG_WARN_INFINITE_RECURSION = YES;
				CLANG_WARN_INT_CONVERSION = YES;
				CLANG_WARN_NON_LITERAL_NULL_CONVERSION = YES;
				CLANG_WARN_OBJC_IMPLICIT_RETAIN_SELF = YES;
				CLANG_WARN_OBJC_LITERAL_CONVERSION = YES;
				CLANG_WARN_QUOTED_INCLUDE_IN_FRAMEWORK_HEADER = YES;
				CLANG_WARN_RANGE_LOOP_ANALYSIS = YES;
				CLANG_WARN_STRICT_PROTOTYPES = YES;
				CLANG_WARN_SUSPICIOUS_MOVE = YES;
				CLANG_WARN_UNREACHABLE_CODE = YES;
				CLANG_WARN__DUPLICATE_METHOD_MATCH = YES;
				ENABLE_STRICT_OBJC_MSGSEND = YES;
				ENABLE_USER_SCRIPT_SANDBOXING = NO;
				GCC_C_LANGUAGE_STANDARD = c99;
				GCC_NO_COMMON_BLOCKS = YES;
				GCC_THUMB_SUPPORT = NO;
				GCC_VERSION = "";
				GCC_WARN_64_TO_32_BIT_CONVERSION = YES;
				GCC_WARN_ABOUT_RETURN_TYPE = YES;
				GCC_WARN_UNDECLARED_SELECTOR = YES;
				GCC_WARN_UNINITIALIZED_AUTOS = YES;
				GCC_WARN_UNUSED_FUNCTION = YES;
				GCC_WARN_UNUSED_VARIABLE = YES;
				IPHONEOS_DEPLOYMENT_TARGET = 12.0;
				MERGED_BINARY_TYPE = automatic;
				SDKROOT = iphoneos;
				SKIP_INSTALL = NO;
				SWIFT_VERSION = 5.3;
				TARGETED_DEVICE_FAMILY = "1,2";
				WK_WEB_VIEW_ONLY = 1;
			};
			name = Release;
		};
/* End XCBuildConfiguration section */

/* Begin XCConfigurationList section */
		1D6058960D05DD3E006BFB54 /* Build configuration list for PBXNativeTarget "The Rapid Bus Tracker" */ = {
			isa = XCConfigurationList;
			buildConfigurations = (
				1D6058940D05DD3E006BFB54 /* Debug */,
				1D6058950D05DD3E006BFB54 /* Release */,
			);
			defaultConfigurationIsVisible = 0;
			defaultConfigurationName = Release;
		};
		C01FCF4E08A954540054247B /* Build configuration list for PBXProject "The Rapid Bus Tracker" */ = {
			isa = XCConfigurationList;
			buildConfigurations = (
				C01FCF4F08A954540054247B /* Debug */,
				C01FCF5008A954540054247B /* Release */,
			);
			defaultConfigurationIsVisible = 0;
			defaultConfigurationName = Release;
		};
/* End XCConfigurationList section */
	};
	rootObject = 29B97313FDCFA39411CA2CEA /* Project object */;
}
